
Microsoft Visual Studio Solution File, Format Version 12.00
# Visual Studio Version 16
VisualStudioVersion = 16.0.32413.511
MinimumVisualStudioVersion = 10.0.40219.1
Project("{9A19103F-16F7-4668-BE54-9A1E7A4F7556}") = "PudelkoUnitTests", "PudelkoUnitTests\PudelkoUnitTests.csproj", "{359F127B-C87E-4F5A-817D-A4B73E1F137F}"
EndProject
Project("{9A19103F-16F7-4668-BE54-9A1E7A4F7556}") = "Box", "Box\Box.csproj", "{02233D0A-B396-420C-B877-44647DC10150}"
EndProject
Global
	GlobalSection(SolutionConfigurationPlatforms) = preSolution
		Debug|Any CPU = Debug|Any CPU
		Release|Any CPU = Release|Any CPU
	EndGlobalSection
	GlobalSection(ProjectConfigurationPlatforms) = postSolution
		{359F127B-C87E-4F5A-817D-A4B73E1F137F}.Debug|Any CPU.ActiveCfg = Debug|Any CPU
		{359F127B-C87E-4F5A-817D-A4B73E1F137F}.Debug|Any CPU.Build.0 = Debug|Any CPU
		{359F127B-C87E-4F5A-817D-A4B73E1F137F}.Release|Any CPU.ActiveCfg = Release|Any CPU
		{359F127B-C87E-4F5A-817D-A4B73E1F137F}.Release|Any CPU.Build.0 = Release|Any CPU
		{02233D0A-B396-420C-B877-44647DC10150}.Debug|Any CPU.ActiveCfg = Debug|Any CPU
		{02233D0A-B396-420C-B877-44647DC10150}.Debug|Any CPU.Build.0 = Debug|Any CPU
		{02233D0A-B396-420C-B877-44647DC10150}.Release|Any CPU.ActiveCfg = Release|Any CPU
		{02233D0A-B396-420C-B877-44647DC10150}.Release|Any CPU.Build.0 = Release|Any CPU
	EndGlobalSection
	GlobalSection(SolutionProperties) = preSolution
		HideSolutionNode = FALSE
	EndGlobalSection
	GlobalSection(ExtensibilityGlobals) = postSolution
		SolutionGuid = {B22FC86E-5C07-4DFF-8982-5711CED10155}
	EndGlobalSection
EndGlobal
